<?xml version="1.0" encoding="utf-8"?>
<Project ToolsVersion="4.0" xmlns="http://schemas.microsoft.com/developer/msbuild/2003">
  <ItemGroup>
    <Filter Include="源文件">
      <UniqueIdentifier>{4FC737F1-C7A5-4376-A066-2A32D752A2FF}</UniqueIdentifier>
      <Extensions>cpp;c;cc;cxx;c++;cppm;ixx;def;odl;idl;hpj;bat;asm;asmx</Extensions>
    </Filter>
    <Filter Include="头文件">
      <UniqueIdentifier>{93995380-89BD-4b04-88EB-625FBE52EBFB}</UniqueIdentifier>
      <Extensions>h;hh;hpp;hxx;h++;hm;inl;inc;ipp;xsd</Extensions>
    </Filter>
    <Filter Include="资源文件">
      <UniqueIdentifier>{67DA6AB6-F800-4c08-8B7A-83BB121AAD01}</UniqueIdentifier>
      <Extensions>rc;ico;cur;bmp;dlg;rc2;rct;bin;rgs;gif;jpg;jpeg;jpe;resx;tiff;tif;png;wav;mfcribbon-ms</Extensions>
    </Filter>
    <Filter Include="头文件\Components">
      <UniqueIdentifier>{c2e4865b-5783-4230-8a69-ccbcc858b71e}</UniqueIdentifier>
    </Filter>
    <Filter Include="源文件\Engine Skeleton">
      <UniqueIdentifier>{c6770a8d-8a7d-4479-aeac-445074da0c2b}</UniqueIdentifier>
    </Filter>
    <Filter Include="头文件\Engine Skeleton">
      <UniqueIdentifier>{190ad344-d25a-4224-bb88-29bcfda7e36f}</UniqueIdentifier>
    </Filter>
    <Filter Include="源文件\Components">
      <UniqueIdentifier>{29e5d1b2-f732-46a5-858f-0acbe5997e3c}</UniqueIdentifier>
    </Filter>
    <Filter Include="源文件\Chapter2_3">
      <UniqueIdentifier>{3ce404bc-9aa9-40de-958d-be76e085ceed}</UniqueIdentifier>
    </Filter>
    <Filter Include="头文件\Chapter2_3">
      <UniqueIdentifier>{44ae1315-36b9-4a61-b89b-f9d4b2253e7f}</UniqueIdentifier>
    </Filter>
  </ItemGroup>
  <ItemGroup>
    <ClInclude Include="Behaviour.h">
      <Filter>头文件\Engine Skeleton</Filter>
    </ClInclude>
    <ClInclude Include="Game.h">
      <Filter>头文件\Engine Skeleton</Filter>
    </ClInclude>
    <ClInclude Include="GameObject.h">
      <Filter>头文件\Engine Skeleton</Filter>
    </ClInclude>
    <ClInclude Include="TransformComponent.h">
      <Filter>头文件\Engine Skeleton</Filter>
    </ClInclude>
    <ClInclude Include="Sprite.h">
      <Filter>头文件\Components</Filter>
    </ClInclude>
    <ClInclude Include="AnimSprite.h">
      <Filter>头文件\Components</Filter>
    </ClInclude>
    <ClInclude Include="RollingBG.h">
      <Filter>头文件\Components</Filter>
    </ClInclude>
    <ClInclude Include="BasicMovement.h">
      <Filter>头文件\Components</Filter>
    </ClInclude>
    <ClInclude Include="Character.h">
      <Filter>头文件\Chapter2_3</Filter>
    </ClInclude>
    <ClInclude Include="BackgroundObj.h">
      <Filter>头文件\Chapter2_3</Filter>
    </ClInclude>
    <ClInclude Include="Obstacle.h">
      <Filter>头文件\Chapter2_3</Filter>
    </ClInclude>
    <ClInclude Include="Angle.h">
      <Filter>头文件\Chapter2_3</Filter>
    </ClInclude>
    <ClInclude Include="Bullet.h">
      <Filter>头文件\Chapter2_3</Filter>
    </ClInclude>
    <ClInclude Include="Bullet2.h">
      <Filter>头文件\Chapter2_3</Filter>
    </ClInclude>
    <ClInclude Include="CircleCollider.h">
      <Filter>头文件\Components</Filter>
    </ClInclude>
  </ItemGroup>
  <ItemGroup>
    <ClCompile Include="Behaviour.cpp">
      <Filter>源文件\Engine Skeleton</Filter>
    </ClCompile>
    <ClCompile Include="Game.cpp">
      <Filter>源文件\Engine Skeleton</Filter>
    </ClCompile>
    <ClCompile Include="GameObject.cpp">
      <Filter>源文件\Engine Skeleton</Filter>
    </ClCompile>
    <ClCompile Include="Sprite.cpp">
      <Filter>源文件\Components</Filter>
    </ClCompile>
    <ClCompile Include="AnimSprite.cpp">
      <Filter>源文件\Components</Filter>
    </ClCompile>
    <ClCompile Include="main.cpp">
      <Filter>资源文件</Filter>
    </ClCompile>
    <ClCompile Include="RollingBG.cpp">
      <Filter>源文件\Components</Filter>
    </ClCompile>
    <ClCompile Include="BasicMovement.cpp">
      <Filter>源文件\Components</Filter>
    </ClCompile>
    <ClCompile Include="BackgroundObj.cpp">
      <Filter>源文件\Chapter2_3</Filter>
    </ClCompile>
    <ClCompile Include="Character.cpp">
      <Filter>源文件\Chapter2_3</Filter>
    </ClCompile>
    <ClCompile Include="Obstacle.cpp">
      <Filter>源文件\Chapter2_3</Filter>
    </ClCompile>
    <ClCompile Include="Angle.cpp">
      <Filter>源文件\Chapter2_3</Filter>
    </ClCompile>
    <ClCompile Include="Bullet.cpp">
      <Filter>源文件\Chapter2_3</Filter>
    </ClCompile>
    <ClCompile Include="Bullet2.cpp">
      <Filter>源文件\Chapter2_3</Filter>
    </ClCompile>
    <ClCompile Include="CircleCollider.cpp">
      <Filter>源文件\Components</Filter>
    </ClCompile>
  </ItemGroup>
</Project>